
Microsoft Visual Studio Solution File, Format Version 12.00
# Visual Studio Version 16
VisualStudioVersion = 16.0.31205.134
MinimumVisualStudioVersion = 10.0.40219.1
Project("{FAE04EC0-301F-11D3-BF4B-00C04F79EFBC}") = "ESTADO-SERVIDOR-AO-YIND", "ESTADO-SERVIDOR-AO-YIND\ESTADO-SERVIDOR-AO-YIND.csproj", "{F473F3D8-B65D-4F14-8B53-92862F3C1544}"
EndProject
Global
	GlobalSection(SolutionConfigurationPlatforms) = preSolution
		Debug|Any CPU = Debug|Any CPU
		Release|Any CPU = Release|Any CPU
	EndGlobalSection
	GlobalSection(ProjectConfigurationPlatforms) = postSolution
		{F473F3D8-B65D-4F14-8B53-92862F3C1544}.Debug|Any CPU.ActiveCfg = Debug|Any CPU
		{F473F3D8-B65D-4F14-8B53-92862F3C1544}.Debug|Any CPU.Build.0 = Debug|Any CPU
		{F473F3D8-B65D-4F14-8B53-92862F3C1544}.Release|Any CPU.ActiveCfg = Release|Any CPU
		{F473F3D8-B65D-4F14-8B53-92862F3C1544}.Release|Any CPU.Build.0 = Release|Any CPU
	EndGlobalSection
	GlobalSection(SolutionProperties) = preSolution
		HideSolutionNode = FALSE
	EndGlobalSection
	GlobalSection(ExtensibilityGlobals) = postSolution
		SolutionGuid = {C8F5BDE7-7E11-4C7E-B865-834A2E0BE42E}
	EndGlobalSection
EndGlobal
